github.com/Masterminds/semver v1.5.0 h1:H65muMkzWKEuNDnfl9d70GUjFniHKHRbFPGBuZ3QEww=
github.com/Masterminds/semver v1.5.0/go.mod h1:MB6lktGJrhw8PrUyiEoblNEGEQ+RzHPF078ddwwvV3Y=
github.com/allegro/bigcache/v3 v3.2.0 h1:B45F9x3iaoBlhzIA+0jqxlThTUoyg+mOk7HUKSbJOL8=
github.com/allegro/bigcache/v3 v3.2.0/go.mod h1:qvxNn6cSKfWRmfDuPJbZcfxsQXEtoskUqPzT0kuHG5s=
github.com/aws/aws-sdk-go-v2 v1.44.0 h1:4IbaHhtzy+4h37z4JQyO9a2QsiCml3CNYHtq5hIHigo=
github.com/aws/aws-sdk-go-v2 v1.44.0/go.mod h1:bttEH6JqnUL8LepvDVfdrds/fZ5bCIxzpe3abyUrhDU=
github.com/aws/aws-sdk-go-v2/aws/protocol/eventstream v1.7.20 h1:GPRlPwz40I2B2VrBEASOA3Bi77NyeqejNLkifosX0rs=
github.com/aws/aws-sdk-go-v2/aws/protocol/eventstream v1.7.20/go.mod h1:g7PNzKcsOKWb4fkSRBA7BZVAS6Y8IcxzN+nRohhQ1Q8=
github.com/aws/aws-sdk-go-v2/config v1.32.40 h1:lAVC9gMmKusmqDRe32dPtgKl/BWvJmMJoWELKHCAObw=
github.com/aws/aws-sdk-go-v2/config v1.32.40/go.mod h1:8xOJLbe/hOj1g4PVsfJYV7O2byq+UGET1onDdUgbwqc=
github.com/aws/aws-sdk-go-v2/credentials v1.19.39 h1:XOg8LC3Kgnsa3WiPQjc7Bi8k5IBN92cPYfIV9XMFss0=
github.com/aws/aws-sdk-go-v2/credentials v1.19.39/go.mod h1:GonTDBQ+mTpCVNwaHjj0PagspfrYYMEqOx7FehoEP/I=
github.com/aws/aws-sdk-go-v2/feature/ec2/imds v1.18.40 h1:r5aGipEVgI9aT/tAGjdrPbDQvIAKdTrS3rUPQtG4Rmo=
github.com/aws/aws-sdk-go-v2/feature/ec2/imds v1.18.40/go.mod h1:vOD3CnPxAdkL6MWZeROkZsTlskklMFfgVFkHzx/oZpY=
github.com/aws/aws-sdk-go-v2/internal/configsources v1.4.40 h1:UIXlbijuB2XK1Kr57fo8iIxCuaSHJzwZ1uo+2tbEYIk=
github.com/aws/aws-sdk-go-v2/internal/configsources v1.4.40/go.mod h1:wcEsL6jscjZjVUinb0Q5qD/GXOG1yT3GNfmT9HuDwzU=
github.com/aws/aws-sdk-go-v2/internal/endpoints/v2 v2.7.40 h1:xLQVRDs2NddDmK9BEyh5KSlJ1Gpy5/GIJXrV6WcVGAE=
github.com/aws/aws-sdk-go-v2/internal/endpoints/v2 v2.7.40/go.mod h1:XRXnpFVFGLaEVK+olDdFIM1vNa04ETW452oFGEPUxAo=
github.com/aws/aws-sdk-go-v2/internal/v4a v1.4.41 h1:nv/ILuCY0yXACzMQwvtt/HbqDDjemZiI0AeDbxGQlnU=
github.com/aws/aws-sdk-go-v2/internal/v4a v1.4.41/go.mod h1:dzvOSpxaPqQ3j0xS6Lc1vyVuWW0RBj7s/QqYpzu3Q/0=
github.com/aws/aws-sdk-go-v2/service/accessanalyzer v1.52.0 h1:7RGTOTkYkW4iPNJeYba+AeMQOaSImq8n9x7M2PDl2xw=
github.com/aws/aws-sdk-go-v2/service/accessanalyzer v1.52.0/go.mod h1:dnIj+D0w7thkZZJx3Ntg/J7babaWAq3WqZlers3eurc=
github.com/aws/aws-sdk-go-v2/service/acm v1.45.0 h1:C/LUyd2F3iFtityAYQbAYb56uP0x32HaHSVXfRSImAM=
github.com/aws/aws-sdk-go-v2/service/acm v1.45.0/go.mod h1:8TFQHTFTgR7OoBHlqJr8gsHv+ePC8z4S1lcrZVPgqbM=
github.com/aws/aws-sdk-go-v2/service/apigateway v1.43.0 h1:CayjaX6JBnuIr8jy9V925fETiriuqqJUusCc3ud9iUk=
github.com/aws/aws-sdk-go-v2/service/apigateway v1.43.0/go.mod h1:pG85k4ITspePWd6EgP2P99/yHpNnAOpoVgBXALk/Lq0=
github.com/aws/aws-sdk-go-v2/service/athena v1.61.0 h1:rn4zxaJvMCjaR3nc8Y6IxDCY7ij4957geT4Y1MHCG3M=
github.com/aws/aws-sdk-go-v2/service/athena v1.61.0/go.mod h1:Mn0qdL0w7jDqfMEjfVJYkLgh6yhr29u6Nigz78yEnLU=
github.com/aws/aws-sdk-go-v2/service/autoscaling v1.74.0 h1:hm0br6zbFj1tLd5l8F6owm2/4pFK+z6NA+wIkvdMFxg=
github.com/aws/aws-sdk-go-v2/service/autoscaling v1.74.0/go.mod h1:71sdt+AKd1aCexOigHqdAO5Er2oY2dEhI63220v7A6o=
github.com/aws/aws-sdk-go-v2/service/batch v1.71.0 h1:/DVkDDf4wV1yDWCaB9C4a91EJr4Aimlx/nNrOEvxf+o=
github.com/aws/aws-sdk-go-v2/service/batch v1.71.0/go.mod h1:q9xpRqZXXYlyvjPoZMaU1R2LNmMr6ozf3PJnboau7NA=
github.com/aws/aws-sdk-go-v2/service/cloudcontrol v1.34.0 h1:QtahYZPPepispvP9umePA2R2vAfjoWe+5ss6RPVFSOI=
github.com/aws/aws-sdk-go-v2/service/cloudcontrol v1.34.0/go.mod h1:Via0CcL9sMLFRsNraVkkAtJ9xapeHXhxcpQ6WVnkuM8=
github.com/aws/aws-sdk-go-v2/service/cloudformation v1.77.0 h1:gYWh4sC8llf+AG0+MjVaKxcX1/kGvkSFbSZuiFvQjQQ=
github.com/aws/aws-sdk-go-v2/service/cloudformation v1.77.0/go.mod h1:MKUWk1rEPhB2qJdUBIiSENYgEk86ZnmmiLQ9LUJoLog=
github.com/aws/aws-sdk-go-v2/service/cloudfront v1.69.0 h1:OnSsM5wmsvbNdoFGDcCdp6/B3gbMo0M0CMv1d/kGX0U=
github.com/aws/aws-sdk-go-v2/service/cloudfront v1.69.0/go.mod h1:y2P1hB+A83Gykx6/PyB+C3BKygqNGHpuO5iCSg8aDMw=
github.com/aws/aws-sdk-go-v2/service/cloudtrail v1.59.0 h1:zU34SCM+bfC8bL8o700i0kXWIYh1J7IICC1lAnFbImA=
github.com/aws/aws-sdk-go-v2/service/cloudtrail v1.59.0/go.mod h1:ws4/N5oW5aNNA/llSsOOLD3G4zwCgSTZVkTMnSKWno8=
github.com/aws/aws-sdk-go-v2/service/cloudwatch v1.68.0 h1:RdWMeCVaJfu4hCPyRNVQMKMP/Y5J04zB5LF45DmHhRg=
github.com/aws/aws-sdk-go-v2/service/cloudwatch v1.68.0/go.mod h1:HfsU8PQ6mHewSJNS77IPAFMZZgFaYSHjAhSOAFXdu9M=
github.com/aws/aws-sdk-go-v2/service/cloudwatchlogs v1.83.0 h1:eqBeOd+h4jM6oVVXYHLjzL4MkLrWB2p1C0+DQzSWjVs=
github.com/aws/aws-sdk-go-v2/service/cloudwatchlogs v1.83.0/go.mod h1:x7lhMOaMlfFdDIAHTknU03/Jclcygm7XtmTz2Tf/0P8=
github.com/aws/aws-sdk-go-v2/service/configservice v1.69.0 h1:4tP0s7kwfUInXhuLztfv8VQ5AbnqAN+B2qcR9JTFTcI=
github.com/aws/aws-sdk-go-v2/service/configservice v1.69.0/go.mod h1:eW3w91Ux3T9mOo686SNUZmMmw3F4QlR8kyXRgdtoR2c=
github.com/aws/aws-sdk-go-v2/service/costexplorer v1.68.0 h1:AU+6xjH3J9FG1I2ueElJGD85DdjKXI2HL3iG4MM0uzw=
github.com/aws/aws-sdk-go-v2/service/costexplorer v1.68.0/go.mod h1:e4eqPX09BPNiJq9DB7hsONzTQIYcQSDT/lASaVVPBEs=
github.com/aws/aws-sdk-go-v2/service/dynamodb v1.64.0 h1:lcuNsR2eQT2X/z9nMnWpsuEM5Aty1sE5OVd0FYPND4k=
github.com/aws/aws-sdk-go-v2/service/dynamodb v1.64.0/go.mod h1:hZmZa5L5yWCqF5W6g7oLUjOlUL4Cr4W2GoE/fwnkGHs=
github.com/aws/aws-sdk-go-v2/service/ec2 v1.324.0 h1:A1hZCv8Ev0jc8o7pGqnjprJokn21pGmPWZrzPJ5Sp+E=
github.com/aws/aws-sdk-go-v2/service/ec2 v1.324.0/go.mod h1:6eOsONObU8u+Edct3ZmszxCTACyTeITJG7yPbbqp3L8=
github.com/aws/aws-sdk-go-v2/service/ecs v1.91.0 h1:uL925L3SbZ6cspHpORKWOgfTpXc5pmBo2R9jRhfo0ts=
github.com/aws/aws-sdk-go-v2/service/ecs v1.91.0/go.mod h1:qG7hNYoyvzJvrJqVaeTvouqfH3s5M+4cBMI9gVsa8MI=
github.com/aws/aws-sdk-go-v2/service/efs v1.45.0 h1:1b4H5uAg1rYGh3t/wzT507dYRTlxPljtVL0SAwbQYDU=
github.com/aws/aws-sdk-go-v2/service/efs v1.45.0/go.mod h1:IXAJTZmY86ALIin+P8Rkb/B4G3A0WvBKYs5gQUAe9g0=
github.com/aws/aws-sdk-go-v2/service/eks v1.94.0 h1:mJLhsDkRdwPvp+i85gfRuDln6wbfiPgXQPHob+UaR8E=
github.com/aws/aws-sdk-go-v2/service/eks v1.94.0/go.mod h1:z+qkHKZFlt7vbcj3sgI7nmeqX2s+rsZEBkZeHdRvjzQ=
github.com/aws/aws-sdk-go-v2/service/elasticache v1.57.0 h1:AypAVGEM8j4+X0duGGjOqEMwmwDtYvvkzIP7ZpyEQLc=
github.com/aws/aws-sdk-go-v2/service/elasticache v1.57.0/go.mod h1:Epobcv/ypFfeBjpkW3lAbeaHdhnL4QuMInkt8j/u2eo=
github.com/aws/aws-sdk-go-v2/service/elasticloadbalancingv2 v1.59.0 h1:H3vlr3Gl9tv5DvI+Z+hphz9X7BGYcMEP46L39VW2S2Q=
github.com/aws/aws-sdk-go-v2/service/elasticloadbalancingv2 v1.59.0/go.mod h1:2WTv8huhRUxCeLfI9Vtb/5ncA5GJ0Hj5Lt5KH00G/jY=
github.com/aws/aws-sdk-go-v2/service/emr v1.65.0 h1:FClfTO5QX9nHkgWwYvvj0VlsJppOjcsno/XZC0R/7tI=
github.com/aws/aws-sdk-go-v2/service/emr v1.65.0/go.mod h1:4+cYQhte6ZMDq3/Uf3OL5tQQL8uGG4zGSlRS5cRJi1o=
github.com/aws/aws-sdk-go-v2/service/emrserverless v1.45.0 h1:SHUgJpiv57xmUyd8k9p+sd8Luq9crUnuvQpw8z1AMPY=
github.com/aws/aws-sdk-go-v2/service/emrserverless v1.45.0/go.mod h1:jNBfXSxm8QyMEiQ+7eeS1whBa1SPvknnf0ZiLPOXhpE=
github.com/aws/aws-sdk-go-v2/service/glue v1.154.0 h1:+fQhNVeZopYhOc2NODoPY8wVOPjj3o/l3ghx2ybdx28=
github.com/aws/aws-sdk-go-v2/service/glue v1.154.0/go.mod h1:SgL4znZ7eTlUCnnjWr003H7lAv3ebhgUZrgvFbME7q8=
github.com/aws/aws-sdk-go-v2/service/health v1.41.0 h1:DodQZwWfDiXckU51MBTm1nkqOVNtNCXSBlVz2ce5AK0=
github.com/aws/aws-sdk-go-v2/service/health v1.41.0/go.mod h1:qDDmNS1kxzIaeE1wItxGUhaRh/AiKHNf5254GtVdZ9U=
github.com/aws/aws-sdk-go-v2/service/iam v1.60.0 h1:Md+9j3pOzLiOUiHfxbqyHoOhE9UpggRTEwGhaDyhMik=
github.com/aws/aws-sdk-go-v2/service/iam v1.60.0/go.mod h1:LOk1cmqXPyxGb/cJ771NI3/eX2G3G+tpF7XjwI/DUbo=
github.com/aws/aws-sdk-go-v2/service/internal/accept-encoding v1.13.19 h1:bAdDl/HkGCcGPoe25ToSHEw23VIxt6CT5fLcg111BKg=
github.com/aws/aws-sdk-go-v2/service/internal/accept-encoding v1.13.19/go.mod h1:KaUzbLxv4CeSxh6ZCl9B4m7CuFenS8kUEaDs+f/DQr4=
github.com/aws/aws-sdk-go-v2/service/internal/checksum v1.10.0 h1:U8/A0RRBaEspzH1uul3JHLbypXwEGUkRkvoT9f0ATcM=
github.com/aws/aws-sdk-go-v2/service/internal/checksum v1.10.0/go.mod h1:UELStX5KwtJNtQxa+UuF8dc3z4UYc40e8yHYJSozNwY=
github.com/aws/aws-sdk-go-v2/service/internal/endpoint-discovery v1.12.17 h1:mA+kaGdCSZJJ4Ky4iRpys/nPQb5z6yudDDMt/Qhzl6c=
github.com/aws/aws-sdk-go-v2/service/internal/endpoint-discovery v1.12.17/go.mod h1:IaH0YDae4jwXqHF1oqR9Lgg6nlYagIvd3S0KBLhwqEY=
github.com/aws/aws-sdk-go-v2/service/internal/presigned-url v1.13.40 h1:gr3Fw1cxZXNCdeo/lQ7isHEHzvHVM7z75qb2zW9aMjw=
github.com/aws/aws-sdk-go-v2/service/internal/presigned-url v1.13.40/go.mod h1:8z/9CmfnQhiuXD7Ykbcg4a/whSWsniE0ODSx9uwVzfk=
github.com/aws/aws-sdk-go-v2/service/internal/s3shared v1.19.41 h1:Q9DIKDuJix/oJnQxFpQ26L0EwVa/YNo4k2kbktrjQjE=
github.com/aws/aws-sdk-go-v2/service/internal/s3shared v1.19.41/go.mod h1:x+TuqkOIG1SZS0+yN54sExGA9ZpjhPO6vPdYnpTFX1M=
github.com/aws/aws-sdk-go-v2/service/lambda v1.103.0 h1:wwkLEGdsQrGDq1ra7MLBOpWTf0dYvcbrajkJqBEGxbY=
github.com/aws/aws-sdk-go-v2/service/lambda v1.103.0/go.mod h1:Sp8uSEWnutGZMh/nsFVFP+fZZXfj0rNIW4TJOeA+1g4=
github.com/aws/aws-sdk-go-v2/service/pricing v1.45.0 h1:MYW7GiGeWByTQqZeWEwGchhAbpgXU19Xwlwb0PU9fKc=
github.com/aws/aws-sdk-go-v2/service/pricing v1.45.0/go.mod h1:91QxUGJrdnF8KB+R8nqHs0AGIGM4FJxknHNAwZyroYA=
github.com/aws/aws-sdk-go-v2/service/rds v1.125.0 h1:63asLLFv2sXy0FxF8JGn2Z6pSaBcnUlrWcrt5Jn2wlI=
github.com/aws/aws-sdk-go-v2/service/rds v1.125.0/go.mod h1:FbKfq59EDNw8TdMNnpaas+I7QyijeiBYe2+9jb4tMV0=
github.com/aws/aws-sdk-go-v2/service/resourcegroupstaggingapi v1.37.0 h1:oomcdLWLukXFdmD5sJ5mQIJvbxMpQfXH99M7RDSfQZg=
github.com/aws/aws-sdk-go-v2/service/resourcegroupstaggingapi v1.37.0/go.mod h1:0tyRZSvxvNjcAtiAz0e+2I8swigSXNL6Gzl9dr5K6E4=
github.com/aws/aws-sdk-go-v2/service/route53 v1.66.0 h1:l80EL4tjvbx+nfN3Vy2v6n06NRxswrL/M3JPspDO9uM=
github.com/aws/aws-sdk-go-v2/service/route53 v1.66.0/go.mod h1:d00ExWUi3IN7vTiwJwBAb8vCY3ath6WQFV13U6xRoC8=
github.com/aws/aws-sdk-go-v2/service/route53domains v1.40.0 h1:hQvY+KyzlIkpvLKs9Lu7qP5JgVw1BbBSkyvVndlEp98=
github.com/aws/aws-sdk-go-v2/service/route53domains v1.40.0/go.mod h1:/Ap/R0UzVNL7MUTgku02J8RIo0KQM2H1sn+27Bj+37s=
github.com/aws/aws-sdk-go-v2/service/s3 v1.108.0 h1:Yp+x5PKXEmoqHsgP/pAkBy5Tyq1UlXAzM0OInh0vxWw=
github.com/aws/aws-sdk-go-v2/service/s3 v1.108.0/go.mod h1:locV6DtXyp7Xzr2BG6jtsbeBi3YAWJ/CY4xUThYmIwQ=
github.com/aws/aws-sdk-go-v2/service/s3control v1.74.0 h1:TC9yheI5utvw3YlxZFBkXX1yocc9zgK5NhpBs9K2R7Q=
github.com/aws/aws-sdk-go-v2/service/s3control v1.74.0/go.mod h1:Mtn293HLxULOC8WpoSf517nXiJuC3SAbxVGq6BSby/4=
github.com/aws/aws-sdk-go-v2/service/s3outposts v1.38.0 h1:pTNnU/Fxiza+lnGcXT5Mfc/cPm3Un//Tqub51IQqe0E=
github.com/aws/aws-sdk-go-v2/service/s3outposts v1.38.0/go.mod h1:msOl1KjPpo5wcUFwTcEDZmY9hq4h8fuFf4H9hd+b74o=
github.com/aws/aws-sdk-go-v2/service/savingsplans v1.36.0 h1:A+DqpfcAQh+Oif6poGpKqqhsuac/9tJomi46LQMC2i8=
github.com/aws/aws-sdk-go-v2/service/savingsplans v1.36.0/go.mod h1:RNEO3AyJtTxCuEkR9+lQ8y31TP9BPc/AyzUBrua3UWQ=
github.com/aws/aws-sdk-go-v2/service/secretsmanager v1.45.0 h1:KcW5+R6G9umEsfcELr19Tn6/We1BpdOoONUMQ7lMWJY=
github.com/aws/aws-sdk-go-v2/service/secretsmanager v1.45.0/go.mod h1:m9S3oFZ/Gzfv2OhTWZlBOqWnF0U2UCHL2hD2z5egD94=
github.com/aws/aws-sdk-go-v2/service/securityhub v1.77.0 h1:cnZRb1oZCL8Qve5ndZluQqorOsHPDtU+aUBjS9iW4iQ=
github.com/aws/aws-sdk-go-v2/service/securityhub v1.77.0/go.mod h1:iTnUUKCfpOz7LMWskb+EStnhVQAwX5G8iDgEJDPiO7k=
github.com/aws/aws-sdk-go-v2/service/servicecatalog v1.43.0 h1:Q0jloitifYoqTcSWgpJxZeua8dDen5VBU8tveMvNgJE=
github.com/aws/aws-sdk-go-v2/service/servicecatalog v1.43.0/go.mod h1:kz4iffjoLBZv+rNfHIkjwqcFxahfCLiN9A9kzYksyzg=
github.com/aws/aws-sdk-go-v2/service/servicediscovery v1.45.0 h1:Aghg2xtMXR+z21dynM7m1MysgXbLOQqAbliIEqz1asw=
github.com/aws/aws-sdk-go-v2/service/servicediscovery v1.45.0/go.mod h1:MsA45bflAjhW0uncjI2FWfMIminJvSaifdfX+ktTUhE=
github.com/aws/aws-sdk-go-v2/service/servicequotas v1.38.0 h1:X4UMrMMz1+UVQhx0++47Q4ExC+1sE+ZQZwSsjATIRDg=
github.com/aws/aws-sdk-go-v2/service/servicequotas v1.38.0/go.mod h1:HFHt+sOGHX24WCgJnt4tMR+9Z6GeQubazmtXvhk8gbw=
github.com/aws/aws-sdk-go-v2/service/ses v1.38.0 h1:XyQNEOA0yHFbW+39YHAfcKUWmyBgHlG5rA2T66+CFAk=
github.com/aws/aws-sdk-go-v2/service/ses v1.38.0/go.mod h1:tH1BDPYaG7vIC8ZokktrCsuLexIaSxNI/aSs8QFo+Sw=
github.com/aws/aws-sdk-go-v2/service/sfn v1.46.0 h1:dE9w6dnN53hOioJxHLC6rk6AnLIkqSMUQlxMtU+bVEc=
github.com/aws/aws-sdk-go-v2/service/sfn v1.46.0/go.mod h1:dmLPl7zLvQqHCEmWg9vUQyHQUQQhEHezBULebllNjDk=
github.com/aws/aws-sdk-go-v2/service/shield v1.39.0 h1:W1GOgKM0YSdOVg1p29L4zDCbfa+ZiO6CuFEDjJlm4P4=
github.com/aws/aws-sdk-go-v2/service/shield v1.39.0/go.mod h1:4uzQqkXWAh10V9W1x4INgaQ92/DDQwES2i8qpg4/hmw=
github.com/aws/aws-sdk-go-v2/service/signer v1.37.0 h1:8xvc4gnazZTpLOSihoA97jGY3cQ2sNshaOxCe420SUY=
github.com/aws/aws-sdk-go-v2/service/signer v1.37.0/go.mod h1:rOe7U+TTeD5aJtAMg95FC2OszXgYIizOEgbu8wemxDw=
github.com/aws/aws-sdk-go-v2/service/signin v1.6.0 h1:agcr0j8YeFEzdXNo17Rg9MbbjLRjrimabwNtji4e+lU=
github.com/aws/aws-sdk-go-v2/service/signin v1.6.0/go.mod h1:qU5PxgQ4JiUOOMotzfO3+5oUda5W+8JDVKyLQqlrJik=
github.com/aws/aws-sdk-go-v2/service/sns v1.43.0 h1:VPYjwn0BoX34hb44OT8T+Ikgn4NzsN7fHetaHaevsDc=
github.com/aws/aws-sdk-go-v2/service/sns v1.43.0/go.mod h1:I1vnLPvvi9KBqxddu8nJ4vktoPJvaIG05UmjBD9sqm8=
github.com/aws/aws-sdk-go-v2/service/sqs v1.47.0 h1:vNsYthHgT4sUo0KVqpkZlz+8ZDqy/MdlqdvZdP6IoAc=
github.com/aws/aws-sdk-go-v2/service/sqs v1.47.0/go.mod h1:FSB4mnod1TCBhs3vp2tWVVGHbqxluzA0Fo6LBOXZByw=
github.com/aws/aws-sdk-go-v2/service/ssm v1.74.0 h1:11o/Z2uQatZTTWrkwN4MMPjhcVGnVQtLra5Md1tSSq0=
github.com/aws/aws-sdk-go-v2/service/ssm v1.74.0/go.mod h1:uF4ifVWSlieuvF0ZSy9m6flJJojvWuEu80pJIO3UJ0U=
github.com/aws/aws-sdk-go-v2/service/sso v1.34.0 h1:FxaN8/sn61DTXNI6Gt678tFJUY8iUsCchm6Y/F/RjaA=
github.com/aws/aws-sdk-go-v2/service/sso v1.34.0/go.mod h1:vu4OY6s8LJtT8BtYG2LD6BGSZMptkYn3o5hvCPB22jc=
github.com/aws/aws-sdk-go-v2/service/ssooidc v1.39.0 h1:crWKPeGYTBTuBxQ3p73kjfJvt4brUIsr+Fuypko8FxY=
github.com/aws/aws-sdk-go-v2/service/ssooidc v1.39.0/go.mod h1:HjjZVhaBz0JBR/kbWKThmNDhFKS7y6EURuk493tJk9Y=
github.com/aws/aws-sdk-go-v2/service/storagegateway v1.48.0 h1:UsSo5/pyRRW19Ng90RPE7rZCRAr5yQDbR3W6YgT84uY=
github.com/aws/aws-sdk-go-v2/service/storagegateway v1.48.0/go.mod h1:uD+oHj8v3S8P5nmNHOUJ6UMe044pZzt1HpJvrtlFnIM=
github.com/aws/aws-sdk-go-v2/service/sts v1.46.0 h1:IZ63JdogSNNjex/jsODNv7jGDcO/xJYd9FsgyfCsp1g=
github.com/aws/aws-sdk-go-v2/service/sts v1.46.0/go.mod h1:I+rwAf3spG5dITBaAo3xXRowk8kiOhtU1kYxfvCTC44=
github.com/aws/aws-sdk-go-v2/service/swf v1.39.0 h1:WG49JmFaoLrb4kayI/2XyHFNEmFcn7E6PoDkf6cb+kg=
github.com/aws/aws-sdk-go-v2/service/swf v1.39.0/go.mod h1:FY6qH3NYFgy13NLHpnSVPRLfFRRLw5rDNW36Ti6jxH8=
github.com/aws/aws-sdk-go-v2/service/synthetics v1.48.0 h1:iVMBPuiNgtmxtV1r/Pl/C1d2f+2tvLY+tNKv726b3Pc=
github.com/aws/aws-sdk-go-v2/service/synthetics v1.48.0/go.mod h1:aOGuDThWqYJWHIQYnWGsEcBHUlc4kANVxNhQmbnKo34=
github.com/aws/aws-sdk-go-v2/service/timestreamwrite v1.39.0 h1:SFB1uJsJmWzLgfITmafa7MSuEQmZLLOqmpEJVQLe0Wg=
github.com/aws/aws-sdk-go-v2/service/timestreamwrite v1.39.0/go.mod h1:6eNpUrJlRu8vF8idqsrgPxTbkmoGa/l49AjsDMvUo0s=
github.com/aws/aws-sdk-go-v2/service/transfer v1.77.0 h1:Wr4u6IePSM3xt6R3cB0nhn8G9vjVZdiMGJL6Or7UmKg=
github.com/aws/aws-sdk-go-v2/service/transfer v1.77.0/go.mod h1:TZDtVkRop4IhEQ6HPj62ceSo9BW3RDKxRHy9+p8hWNc=
github.com/aws/aws-sdk-go-v2/service/waf v1.34.0 h1:tD553Wwg5uf/fQzVHFPFMkFExq9LF8kLB2HPeON/PVs=
github.com/aws/aws-sdk-go-v2/service/waf v1.34.0/go.mod h1:9MXdTj0lBO0/hEFDsGV7nfbuHwasEbVqpgeGIB3Ebdo=
github.com/aws/aws-sdk-go-v2/service/wafregional v1.34.0 h1:6DjMX7vU7/4hcJrMqa2HDHWP/Ireqc73xFtI4GhTcUs=
github.com/aws/aws-sdk-go-v2/service/wafregional v1.34.0/go.mod h1:yEbON6n9np2Ydpk/t10nMWJcoMaxoqeCvXZp5+oo0Ro=
github.com/aws/aws-sdk-go-v2/service/wafv2 v1.79.0 h1:ReavtWd6wL+8AbOl+2GbZulo4U2G+B8h+d7RueVP+pY=
github.com/aws/aws-sdk-go-v2/service/wafv2 v1.79.0/go.mod h1:7N6nb99fTZpV1rZ5JYEzt+3BK6XQBVX6KsMLK5IFTvE=
github.com/aws/smithy-go v1.28.1 h1:R/nXH00c8qcfCzQVELtRw+eLQWtzv+VAIEFJ1/xxXlQ=
github.com/aws/smithy-go v1.28.1/go.mod h1:YE2RhdIuDbA5E5bTdciG9KrW3+TiEONeUWCqxX9i1Fc=
github.com/barweiss/go-tuple v1.0.2 h1:RFUKJf8BaALDgX4WIS1fgmAeEFLQo9h+n/QrbIQrdSo=
github.com/barweiss/go-tuple v1.0.2/go.mod h1:oX3AtZyuGnCuK3B4PlUIfR9spxyJ42bgTSqCI9GkPB0=
github.com/beorn7/perks v1.0.1 h1:VlbKKnNfV8bJzeqoa4cOKqO6bYr3WgKZxO8Z16+hsOM=
github.com/beorn7/perks v1.0.1/go.mod h1:G2ZrVWU2WbWT9wwq4/hrbKbnv/1ERSJQ0ibhJ6rlkpw=
github.com/cespare/xxhash/v2 v2.3.0 h1:UL815xU9SqsFlibzuggzjXhog7bL6oX9BbNZnL2UFvs=
github.com/cespare/xxhash/v2 v2.3.0/go.mod h1:VGX0DQ3Q6kWi7AoAeZDth3/j3BFtOZR5XLFGgcrjCOs=
github.com/go-errors/errors v1.5.1 h1:ZwEMSLRCapFLflTpT7NKaAc7ukJ8ZPEjzlxt8rPN8bk=
github.com/go-errors/errors v1.5.1/go.mod h1:sIVyrIiJhuEF+Pj9Ebtd6P/rEYROXFi3BopGUQ5a5Og=
github.com/google/go-cmp v0.7.0 h1:wk8382ETsv4JYUZwIsn6YpYiWiBsYLSJiTsyBybVuN8=
github.com/google/go-cmp v0.7.0/go.mod h1:pXiqmnSA92OHEEa9HXL2W4E7lf9JzCmGVUdgjX3N/iU=
github.com/imunhatep/gocollection v0.2.1 h1:hrrHrpLjspmZkQtxjacu7t8+mY/TSPjsPdoT3OdxsXc=
github.com/imunhatep/gocollection v0.2.1/go.mod h1:fPmRT25eXp+nLCGIqyL3TmehsgK1oWNn00pv4sEVplo=
github.com/mattn/go-colorable v0.1.14 h1:9A9LHSqF/7dyVVX6g0U9cwm9pG3kP9gSzcuIPHPsaIE=
github.com/mattn/go-colorable v0.1.14/go.mod h1:6LmQG8QLFO4G5z1gPvYEzlUgJ2wF+stgPZH1UqBm1s8=
github.com/mattn/go-isatty v0.0.20 h1:xfD0iDuEKnDkl03q4limB+vH+GxLEtL/jb4xVJSWWEY=
github.com/mattn/go-isatty v0.0.20/go.mod h1:W+V8PltTTMOvKvAeJH7IuucS94S2C6jfK/D7dTCTo3Y=
github.com/munnerz/goautoneg v0.0.0-20191010083416-a7dc8b61c822 h1:C3w9PqII01/Oq1c1nUAm88MOHcQC9l5mIlSMApZMrHA=
github.com/munnerz/goautoneg v0.0.0-20191010083416-a7dc8b61c822/go.mod h1:+n7T8mK8HuQTcFwEeznm/DIxMOiR9yIdICNftLE1DvQ=
github.com/prometheus/client_golang v1.24.1 h1:JnJkREXzWxUdCuPFpIWZiPispT9xVV59uiuyR2bPlnU=
github.com/prometheus/client_golang v1.24.1/go.mod h1:F+oSRECHg4sse5ucfYpYDeIv/hu68Zo0uoHKetWnzcE=
github.com/prometheus/client_model v0.6.2 h1:oBsgwpGs7iVziMvrGhE53c/GrLUsZdHnqNwqPLxwZyk=
github.com/prometheus/client_model v0.6.2/go.mod h1:y3m2F6Gdpfy6Ut/GBsUqTWZqCUvMVzSfMLjcu6wAwpE=
github.com/prometheus/common v0.70.1 h1:1HvjP4D5oL3t8RsPlwxA9onvvStjtIHYE5XuuwOi/PY=
github.com/prometheus/common v0.70.1/go.mod h1:VdFUQDMZK3VLkurFUVhia6uys/0suUp86TJz5qbJRhc=
github.com/prometheus/procfs v0.21.1 h1:GljZCt+zSTS+NZq88cyQ1LjZ+RCHp3uVuabBWA5+OJI=
github.com/prometheus/procfs v0.21.1/go.mod h1:aB55Cww9pdSJVHk0hUf0inxWyyjPogFIjmHKYgMKmtY=
github.com/rs/zerolog v1.35.1 h1:m7xQeoiLIiV0BCEY4Hs+j2NG4Gp2o2KPKmhnnLiazKI=
github.com/rs/zerolog v1.35.1/go.mod h1:EjML9kdfa/RMA7h/6z6pYmq1ykOuA8/mjWaEvGI+jcw=
github.com/samber/mo v1.7.0 h1:wYI97e2+CHUvhkRGK1dl5FWpv/XDieaEYIAEJ9XVu2o=
github.com/samber/mo v1.7.0/go.mod h1:gELW3aXN9Utq0gz969NbLMeZo6dkUW8QTohmafdFEEA=
github.com/stretchr/testify v1.12.1 h1:EuwCh5fleGS7H32xRwO3wRGT7DxrDhLAT6FF8MpWDWE=
github.com/stretchr/testify v1.12.1/go.mod h1:MDEgiDPPsNp5cuIrHPPCyornHKgEVbtFUmoNlxoYthg=
go.uber.org/goleak v1.3.0 h1:2K3zAYmnTNqV73imy9J1T3WC+gmCePx2hEGkimedGto=
go.uber.org/goleak v1.3.0/go.mod h1:CoHD4mav9JJNrW/WLlf7HGZPjdw8EucARQHekz1X6bE=
go.yaml.in/yaml/v2 v2.4.4 h1:tuyd0P+2Ont/d6e2rl3be67goVK4R6deVxCUX5vyPaQ=
go.yaml.in/yaml/v2 v2.4.4/go.mod h1:gMZqIpDtDqOfM0uNfy0SkpRhvUryYH0Z6wdMYcacYXQ=
go.yaml.in/yaml/v3 v3.0.5 h1:N6y/pJk8buWs9NY5ERU2HSMfm+IuD/OtfdAnq6kESPw=
go.yaml.in/yaml/v3 v3.0.5/go.mod h1:HVTZu1O7/Vkt2N+BFy8Zza+lnLsABggaTM2ZpNIGuKg=
golang.org/x/exp v0.0.0-20230108222341-4b8118a2686a h1:tlXy25amD5A7gOfbXdqCGN5k8ESEed/Ee1E5RcrYnqU=
golang.org/x/exp v0.0.0-20230108222341-4b8118a2686a/go.mod h1:CxIveKay+FTh1D0yPZemJVgC/95VzuuOLq5Qi4xnoYc=
golang.org/x/mod v0.39.0 h1:UF5zwQdCRRUpHfyPwr7d4UrGiVeldIsogtzWVnczL74=
golang.org/x/mod v0.39.0/go.mod h1:bvIbwjQ0HUFFf5AKukeeYQG4ZBUG9yxQbR9aEweIwYY=
golang.org/x/sync v0.22.0 h1:SZjpbeLmrCk4xhRSZFNZW5gFUeCeFgjekvI/+gfScek=
golang.org/x/sync v0.22.0/go.mod h1:9xrNwdLfx4jkKbNva9FpL6vEN7evnE43NNNJQ2LF3+0=
golang.org/x/sys v0.6.0/go.mod h1:oPkhp1MJrh7nUepCBck5+mAzfO9JrbApNNgaTdGDITg=
golang.org/x/sys v0.47.0 h1:o7XGOvZQCADBQQ4Y7VNq2dRWQR7JmOUW8Kxx4ZsNgWs=
golang.org/x/sys v0.47.0/go.mod h1:4GL1E5IUh+htKOUEOaiffhrAeqysfVGipDYzABqnCmw=
golang.org/x/tools v0.49.0 h1:3NI7VXzL9+1WZD52Dx2ttoPwD5DWrFGpl9mFZDlmisI=
golang.org/x/tools v0.49.0/go.mod h1:SJNXV9DBKT0UbdttsQjbfJlAE/q+y36++zo3uL3N0Oo=
google.golang.org/protobuf v1.36.11 h1:fV6ZwhNocDyBLK0dj+fg8ektcVegBBuEolpbTQyBNVE=
google.golang.org/protobuf v1.36.11/go.mod h1:HTf+CrKn2C3g5S8VImy6tdcUvCska2kB7j23XfzDpco=
